
Microsoft Visual Studio Solution File, Format Version 12.00
# Visual Studio Version 17
VisualStudioVersion = 17.8.34511.84
MinimumVisualStudioVersion = 10.0.40219.1
Project("{9A19103F-16F7-4668-BE54-9A1E7A4F7556}") = "Auth", "src\Services\User\Auth.csproj", "{1B07F4C6-EFB4-4722-8A4A-B0B1B608314F}"
EndProject
Global
	GlobalSection(SolutionConfigurationPlatforms) = preSolution
		Debug|Any CPU = Debug|Any CPU
		Release|Any CPU = Release|Any CPU
	EndGlobalSection
	GlobalSection(ProjectConfigurationPlatforms) = postSolution
		{1B07F4C6-EFB4-4722-8A4A-B0B1B608314F}.Debug|Any CPU.ActiveCfg = Debug|Any CPU
		{1B07F4C6-EFB4-4722-8A4A-B0B1B608314F}.Debug|Any CPU.Build.0 = Debug|Any CPU
		{1B07F4C6-EFB4-4722-8A4A-B0B1B608314F}.Release|Any CPU.ActiveCfg = Release|Any CPU
		{1B07F4C6-EFB4-4722-8A4A-B0B1B608314F}.Release|Any CPU.Build.0 = Release|Any CPU
	EndGlobalSection
	GlobalSection(SolutionProperties) = preSolution
		HideSolutionNode = FALSE
	EndGlobalSection
	GlobalSection(ExtensibilityGlobals) = postSolution
		SolutionGuid = {E31B9191-D4D7-4442-9FC2-DEA1EDE02C85}
	EndGlobalSection
EndGlobal
